
Microsoft Visual Studio Solution File, Format Version 12.00
# Visual Studio Version 17
VisualStudioVersion = 17.9.34728.123
MinimumVisualStudioVersion = 10.0.40219.1
Project("{FAE04EC0-301F-11D3-BF4B-00C04F79EFBC}") = "CSBasicsAss03", "CSBasicsAss03\CSBasicsAss03.csproj", "{454A9563-F32C-4950-A315-EA1C6076DD77}"
EndProject
Global
	GlobalSection(SolutionConfigurationPlatforms) = preSolution
		Debug|Any CPU = Debug|Any CPU
		Release|Any CPU = Release|Any CPU
	EndGlobalSection
	GlobalSection(ProjectConfigurationPlatforms) = postSolution
		{454A9563-F32C-4950-A315-EA1C6076DD77}.Debug|Any CPU.ActiveCfg = Debug|Any CPU
		{454A9563-F32C-4950-A315-EA1C6076DD77}.Debug|Any CPU.Build.0 = Debug|Any CPU
		{454A9563-F32C-4950-A315-EA1C6076DD77}.Release|Any CPU.ActiveCfg = Release|Any CPU
		{454A9563-F32C-4950-A315-EA1C6076DD77}.Release|Any CPU.Build.0 = Release|Any CPU
	EndGlobalSection
	GlobalSection(SolutionProperties) = preSolution
		HideSolutionNode = FALSE
	EndGlobalSection
	GlobalSection(ExtensibilityGlobals) = postSolution
		SolutionGuid = {071EE586-9E7A-4DF4-A146-6427FD392292}
	EndGlobalSection
EndGlobal
